hash: 9164ec8ee51727167d954f52b89ab3d9f53f05a2fbfc804b7aa1eeb6e9e35033
updated: 2017-12-15T00:40:45.215205311+01:00
imports:
- name: github.com/aws/aws-sdk-go
  version: f865572734bf9830ed50c7ec8b50d472e158e5a0
  subpackages:
  - aws
  - aws/awserr
  - aws/awsutil
  - aws/client
  - aws/client/metadata
  - aws/corehandlers
  - aws/credentials
  - aws/credentials/ec2rolecreds
  - aws/credentials/endpointcreds
  - aws/credentials/stscreds
  - aws/defaults
  - aws/ec2metadata
  - aws/endpoints
  - aws/request
  - aws/session
  - aws/signer/v4
  - internal/shareddefaults
  - private/protocol
  - private/protocol/query
  - private/protocol/query/queryutil
  - private/protocol/rest
  - private/protocol/restxml
  - private/protocol/xml/xmlutil
  - service/s3
  - service/sts
- name: github.com/chrislusf/gleam
  version: 10e7cf497fd129817a80b6cb00326cc70b1002a3
  subpackages:
  - adapter
  - distributed
  - distributed/driver
  - distributed/driver/scheduler
  - distributed/driver/scheduler/market
  - distributed/netchan
  - distributed/plan
  - distributed/resource
  - filesystem
  - flow
  - gio
  - instruction
  - pb
  - plugins/cassandra
  - plugins/csv
  - script
  - util
  - util/on_interrupt
- name: github.com/colinmarc/hdfs
  version: 69e5098fa51e208a466aef9a5283b0101e6e4f54
  subpackages:
  - protocol/hadoop_common
  - protocol/hadoop_hdfs
  - rpc
- name: github.com/fsnotify/fsnotify
  version: 4da3e2cfbabc9f751898f250b49f2439785783a1
- name: github.com/go-ini/ini
  version: 32e4c1e6bc4e7d0d8451aa6b75200d19e37a536a
- name: github.com/gocql/gocql
  version: 9ce8b08dfa5559eb86592129986654503cf40cf7
  subpackages:
  - internal/lru
  - internal/murmur
  - internal/streams
- name: github.com/golang/protobuf
  version: 1e59b77b52bf8e4b449a57e6f79f21226d571845
  repo: https://github.com/golang/protobuf.git
  vcs: git
  subpackages:
  - proto
  - ptypes
  - ptypes/any
  - ptypes/duration
  - ptypes/timestamp
- name: github.com/golang/snappy
  version: d7b1e156f50d3c4664f683603af70e3e47fa0aa2
- name: github.com/hailocab/go-hostpool
  version: e80d13ce29ede4452c43dea11e79b9bc8a15b478
- name: github.com/hashicorp/hcl
  version: 23c074d0eceb2b8a5bfdbb271ab780cde70f05a8
  subpackages:
  - hcl/ast
  - hcl/parser
  - hcl/printer
  - hcl/scanner
  - hcl/strconv
  - hcl/token
  - json/parser
  - json/scanner
  - json/token
- name: github.com/jmespath/go-jmespath
  version: dd801d4f4ce7ac746e7e7b4489d2fa600b3b096b
- name: github.com/magiconair/properties
  version: 49d762b9817ba1c2e9d0c69183c2b4a8b8f1d934
- name: github.com/mitchellh/mapstructure
  version: 06020f85339e21b2478f756a78e295255ffa4d6a
- name: github.com/OneOfOne/xxhash
  version: 9f129ced0523605cdde14a954ae4609e366a7998
- name: github.com/pelletier/go-toml
  version: 4e9e0ee19b60b13eb79915933f44d8ed5f268bdd
- name: github.com/psilva261/timsort
  version: 4537dc9bd679bfb730b72f2e8c33b46676521337
- name: github.com/snluu/uuid
  version: 1dd34a9ad6c0e8dec93107f9c7425ea5713f78e1
- name: github.com/spf13/afero
  version: 8d919cbe7e2627e417f3e45c3c0e489a5b7e2536
  subpackages:
  - mem
- name: github.com/spf13/cast
  version: acbeb36b902d72a7a4c18e8f3241075e7ab763e4
- name: github.com/spf13/jwalterweatherman
  version: 12bd96e66386c1960ab0f74ced1362f66f552f7b
- name: github.com/spf13/pflag
  version: 4c012f6dcd9546820e378d0bdda4d8fc772cdfea
- name: github.com/spf13/viper
  version: 1a0c4a370c3e8286b835467d2dfcdaf636c3538b
- name: github.com/ugorji/go
  version: bdcc60b419d136a85cdf2e7cbcac34b3f1cd6e57
  subpackages:
  - codec
- name: golang.org/x/net
  version: 66aacef3dd8a676686c7ae3716979581e8b03c47
  subpackages:
  - context
  - http2
  - http2/hpack
  - idna
  - internal/timeseries
  - lex/httplex
  - trace
- name: golang.org/x/sys
  version: 1d2aa6dbdea45adaaebb9905d0666e4537563829
  subpackages:
  - unix
- name: golang.org/x/text
  version: b19bf474d317b857955b12035d2c5acb57ce8b01
  subpackages:
  - secure/bidirule
  - transform
  - unicode/bidi
  - unicode/norm
- name: google.golang.org/appengine
  version: 4f7eeb5305a4ba1966344836ba4af9996b7b4e05
  subpackages:
  - datastore
  - internal
  - internal/app_identity
  - internal/base
  - internal/datastore
  - internal/log
  - internal/modules
  - internal/remote_api
- name: google.golang.org/genproto
  version: a8101f21cf983e773d0c1133ebc5424792003214
  subpackages:
  - googleapis/rpc/status
- name: google.golang.org/grpc
  version: 2625f0335f2019536bef55b355d9f1fe1b76b304
  subpackages:
  - balancer
  - balancer/base
  - balancer/roundrobin
  - codes
  - connectivity
  - credentials
  - encoding
  - grpclb/grpc_lb_v1/messages
  - grpclog
  - internal
  - keepalive
  - metadata
  - naming
  - peer
  - resolver
  - resolver/dns
  - resolver/manual
  - resolver/passthrough
  - stats
  - status
  - tap
  - transport
- name: gopkg.in/inf.v0
  version: 3887ee99ecf07df5b447e9b00d9c0b2adaa9f3e4
- name: gopkg.in/vmihailenco/msgpack.v2
  version: f4f8982de4ef0de18be76456617cc3f5d8d8141e
  subpackages:
  - codes
- name: gopkg.in/yaml.v2
  version: 53feefa2559fb8dfa8d81baad31be332c97d6c77
testImports: []
